PODS:
  - AppAuth (1.4.0):
    - AppAuth/Core (= 1.4.0)
    - AppAuth/ExternalUserAgent (= 1.4.0)
  - AppAuth/Core (1.4.0)
  - AppAuth/ExternalUserAgent (1.4.0)
  - audio_session (0.0.1):
    - Flutter
  - connectivity_plus (0.0.1):
    - Flutter
    - Reachability
  - FBAEMKit (11.1.0):
    - FBAEMKit/AEM (= 11.1.0)
  - FBAEMKit/AEM (11.1.0):
    - FBSDKCoreKit_Basics (~> 11.1.0)
  - FBSDKCoreKit (11.1.0):
    - FBSDKCoreKit/Core (= 11.1.0)
  - FBSDKCoreKit/Core (11.1.0):
    - FBAEMKit (~> 11.1.0)
    - FBSDKCoreKit_Basics (~> 11.1.0)
  - FBSDKCoreKit_Basics (11.1.0):
    - FBSDKCoreKit_Basics/Basics (= 11.1.0)
  - FBSDKCoreKit_Basics/Basics (11.1.0)
  - FBSDKLoginKit (11.1.0):
    - FBSDKLoginKit/Login (= 11.1.0)
  - FBSDKLoginKit/Login (11.1.0):
    - FBSDKCoreKit (~> 11.1.0)
    - FBSDKCoreKit_Basics (~> 11.1.0)
  - Flutter (1.0.0)
  - flutter_facebook_auth (2.0.0):
    - FBSDKCoreKit (~> 11.1.0)
    - FBSDKLoginKit (~> 11.1.0)
    - Flutter
  - fluttertoast (0.0.2):
    - Flutter
    - Toast
  - FMDB (2.7.5):
    - FMDB/standard (= 2.7.5)
  - FMDB/standard (2.7.5)
  - google_sign_in (0.0.1):
    - Flutter
    - GoogleSignIn (~> 5.0)
  - GoogleSignIn (5.0.2):
    - AppAuth (~> 1.2)
    - GTMAppAuth (~> 1.0)
    - GTMSessionFetcher/Core (~> 1.1)
  - GTMAppAuth (1.2.2):
    - AppAuth/Core (~> 1.4)
    - GTMSessionFetcher/Core (~> 1.5)
  - GTMSessionFetcher/Core (1.7.0)
  - just_audio (0.0.1):
    - Flutter
  - nb_utils (0.0.1):
    - Flutter
  - path_provider (0.0.1):
    - Flutter
  - Reachability (3.2)
  - share (0.0.1):
    - Flutter
  - shared_preferences (0.0.1):
    - Flutter
  - sqflite (0.0.2):
    - Flutter
    - FMDB (>= 2.7.5)
  - Stripe (21.7.0):
    - Stripe/Stripe3DS2 (= 21.7.0)
    - StripeCore (= 21.7.0)
  - Stripe/Stripe3DS2 (21.7.0):
    - StripeCore (= 21.7.0)
  - stripe_ios (0.0.1):
    - Flutter
    - Stripe (~> 21.7.0)
  - StripeCore (21.7.0)
  - Toast (4.0.0)
  - url_launcher (0.0.1):
    - Flutter
  - video_player (0.0.1):
    - Flutter
  - wakelock (0.0.1):
    - Flutter
  - webview_flutter (0.0.1):
    - Flutter

DEPENDENCIES:
  - audio_session (from `.symlinks/plugins/audio_session/ios`)
  - connectivity_plus (from `.symlinks/plugins/connectivity_plus/ios`)
  - Flutter (from `Flutter`)
  - flutter_facebook_auth (from `.symlinks/plugins/flutter_facebook_auth/ios`)
  - fluttertoast (from `.symlinks/plugins/fluttertoast/ios`)
  - google_sign_in (from `.symlinks/plugins/google_sign_in/ios`)
  - just_audio (from `.symlinks/plugins/just_audio/ios`)
  - nb_utils (from `.symlinks/plugins/nb_utils/ios`)
  - path_provider (from `.symlinks/plugins/path_provider/ios`)
  - share (from `.symlinks/plugins/share/ios`)
  - shared_preferences (from `.symlinks/plugins/shared_preferences/ios`)
  - sqflite (from `.symlinks/plugins/sqflite/ios`)
  - stripe_ios (from `.symlinks/plugins/stripe_ios/ios`)
  - url_launcher (from `.symlinks/plugins/url_launcher/ios`)
  - video_player (from `.symlinks/plugins/video_player/ios`)
  - wakelock (from `.symlinks/plugins/wakelock/ios`)
  - webview_flutter (from `.symlinks/plugins/webview_flutter/ios`)

SPEC REPOS:
  trunk:
    - AppAuth
    - FBAEMKit
    - FBSDKCoreKit
    - FBSDKCoreKit_Basics
    - FBSDKLoginKit
    - FMDB
    - GoogleSignIn
    - GTMAppAuth
    - GTMSessionFetcher
    - Reachability
    - Stripe
    - StripeCore
    - Toast

EXTERNAL SOURCES:
  audio_session:
    :path: ".symlinks/plugins/audio_session/ios"
  connectivity_plus:
    :path: ".symlinks/plugins/connectivity_plus/ios"
  Flutter:
    :path: Flutter
  flutter_facebook_auth:
    :path: ".symlinks/plugins/flutter_facebook_auth/ios"
  fluttertoast:
    :path: ".symlinks/plugins/fluttertoast/ios"
  google_sign_in:
    :path: ".symlinks/plugins/google_sign_in/ios"
  just_audio:
    :path: ".symlinks/plugins/just_audio/ios"
  nb_utils:
    :path: ".symlinks/plugins/nb_utils/ios"
  path_provider:
    :path: ".symlinks/plugins/path_provider/ios"
  share:
    :path: ".symlinks/plugins/share/ios"
  shared_preferences:
    :path: ".symlinks/plugins/shared_preferences/ios"
  sqflite:
    :path: ".symlinks/plugins/sqflite/ios"
  stripe_ios:
    :path: ".symlinks/plugins/stripe_ios/ios"
  url_launcher:
    :path: ".symlinks/plugins/url_launcher/ios"
  video_player:
    :path: ".symlinks/plugins/video_player/ios"
  wakelock:
    :path: ".symlinks/plugins/wakelock/ios"
  webview_flutter:
    :path: ".symlinks/plugins/webview_flutter/ios"

SPEC CHECKSUMS:
  AppAuth: 31bcec809a638d7bd2f86ea8a52bd45f6e81e7c7
  audio_session: 4f3e461722055d21515cf3261b64c973c062f345
  connectivity_plus: 5f0eb61093bec56935f21a1699dd2758bc895587
  FBAEMKit: 5c8a8d08e5b2c79628490784883e0fcc75b12615
  FBSDKCoreKit: 7ccb8b4bb2b5ee2ad94327b774dc23f03509675d
  FBSDKCoreKit_Basics: 8f978bce195845f609b0ec6b425949d0d24f525b
  FBSDKLoginKit: d65eb587a9eaa89295338fb0bb3b358bde0b7ae4
  Flutter: 50d75fe2f02b26cc09d224853bb45737f8b3214a
  flutter_facebook_auth: 528d51ea1324741b366fa87fa5dfd41016422364
  fluttertoast: 6122fa75143e992b1d3470f61000f591a798cc58
  FMDB: 2ce00b547f966261cd18927a3ddb07cb6f3db82a
  google_sign_in: de494e5e993986afae63e22a32441e30c35c9823
  GoogleSignIn: 7137d297ddc022a7e0aa4619c86d72c909fa7213
  GTMAppAuth: ad5c2b70b9a8689e1a04033c9369c4915bfcbe89
  GTMSessionFetcher: 43748f93435c2aa068b1cbe39655aaf600652e91
  just_audio: baa7252489dbcf47a4c7cc9ca663e9661c99aafa
  nb_utils: ada4338858d8827ec92fdab2a545206b4ba4cfb1
  path_provider: abfe2b5c733d04e238b0d8691db0cfd63a27a93c
  Reachability: 33e18b67625424e47b6cde6d202dce689ad7af96
  share: 0b2c3e82132f5888bccca3351c504d0003b3b410
  shared_preferences: af6bfa751691cdc24be3045c43ec037377ada40d
  sqflite: 6d358c025f5b867b29ed92fc697fd34924e11904
  Stripe: 90596971ef49bade169f68bc59369a796b30a045
  stripe_ios: 669a91fd06d17954dedeaebec35c56bf1c72a602
  StripeCore: c09b492efc3b269a6ff875ad738ca366db97e03b
  Toast: 91b396c56ee72a5790816f40d3a94dd357abc196
  url_launcher: 6fef411d543ceb26efce54b05a0a40bfd74cbbef
  video_player: 9cc823b1d9da7e8427ee591e8438bfbcde500e6e
  wakelock: d0fc7c864128eac40eba1617cb5264d9c940b46f
  webview_flutter: 3603125dfd3bcbc9d8d418c3f80aeecf331c068b

PODFILE CHECKSUM: cc1f88378b4bfcf93a6ce00d2c587857c6008d3b

COCOAPODS: 1.11.2
